{
  "version": "5",
  "specifiers": {
    "npm:@supabase/supabase-js@2": "2.81.1",
    "npm:@types/node@*": "24.2.0"
  },
  "npm": {
    "@supabase/auth-js@2.81.1": {
      "integrity": "sha512-K20GgiSm9XeRLypxYHa5UCnybWc2K0ok0HLbqCej/wRxDpJxToXNOwKt0l7nO8xI1CyQ+GrNfU6bcRzvdbeopQ==",
      "dependencies": [
        "tslib"
      ]
    },
    "@supabase/functions-js@2.81.1": {
      "integrity": "sha512-sYgSO3mlgL0NvBFS3oRfCK4OgKGQwuOWJLzfPyWg0k8MSxSFSDeN/JtrDJD5GQrxskP6c58+vUzruBJQY78AqQ==",
      "dependencies": [
        "tslib"
      ]
    },
    "@supabase/postgrest-js@2.81.1": {
      "integrity": "sha512-DePpUTAPXJyBurQ4IH2e42DWoA+/Qmr5mbgY4B6ZcxVc/ZUKfTVK31BYIFBATMApWraFc8Q/Sg+yxtfJ3E0wSg==",
      "dependencies": [
        "tslib"
      ]
    },
    "@supabase/realtime-js@2.81.1": {
      "integrity": "sha512-ViQ+Kxm8BuUP/TcYmH9tViqYKGSD1LBjdqx2p5J+47RES6c+0QHedM0PPAjthMdAHWyb2LGATE9PD2++2rO/tw==",
      "dependencies": [
        "@types/phoenix",
        "@types/ws",
        "tslib",
        "ws"
      ]
    },
    "@supabase/storage-js@2.81.1": {
      "integrity": "sha512-UNmYtjnZnhouqnbEMC1D5YJot7y0rIaZx7FG2Fv8S3hhNjcGVvO+h9We/tggi273BFkiahQPS/uRsapo1cSapw==",
      "dependencies": [
        "tslib"
      ]
    },
    "@supabase/supabase-js@2.81.1": {
      "integrity": "sha512-KSdY7xb2L0DlLmlYzIOghdw/na4gsMcqJ8u4sD6tOQJr+x3hLujU9s4R8N3ob84/1bkvpvlU5PYKa1ae+OICnw==",
      "dependencies": [
        "@supabase/auth-js",
        "@supabase/functions-js",
        "@supabase/postgrest-js",
        "@supabase/realtime-js",
        "@supabase/storage-js"
      ]
    },
    "@types/node@24.2.0": {
      "integrity": "sha512-3xyG3pMCq3oYCNg7/ZP+E1ooTaGB4cG8JWRsqqOYQdbWNY4zbaV0Ennrd7stjiJEFZCaybcIgpTjJWHRfBSIDw==",
      "dependencies": [
        "undici-types"
      ]
    },
    "@types/phoenix@1.6.6": {
      "integrity": "sha512-PIzZZlEppgrpoT2QgbnDU+MMzuR6BbCjllj0bM70lWoejMeNJAxCchxnv7J3XFkI8MpygtRpzXrIlmWUBclP5A=="
    },
    "@types/ws@8.18.1": {
      "integrity": "sha512-ThVF6DCVhA8kUGy+aazFQ4kXQ7E1Ty7A3ypFOe0IcJV8O/M511G99AW24irKrW56Wt44yG9+ij8FaqoBGkuBXg==",
      "dependencies": [
        "@types/node"
      ]
    },
    "tslib@2.8.1": {
      "integrity": "sha512-oJFu94HQb+KVduSUQL7wnpmqnfmLsOA/nAh6b6EH0wCEoK0/mPeXU6c3wKDV83MkOuHPRHtSXKKU99IBazS/2w=="
    },
    "undici-types@7.10.0": {
      "integrity": "sha512-t5Fy/nfn+14LuOc2KNYg75vZqClpAiqscVvMygNnlsHBFpSXdJaYtXMcdNLpl/Qvc3P2cB3s6lOV51nqsFq4ag=="
    },
    "ws@8.18.3": {
      "integrity": "sha512-PEIGCY5tSlUt50cqyMXfCzX+oOPqN0vuGqWzbcJ2xvnkzkq46oOpz7dQaTDBdfICb4N14+GARUDw2XV2N4tvzg=="
    }
  },
  "redirects": {
    "https://esm.sh/@supabase/supabase-js@2": "https://esm.sh/@supabase/supabase-js@2.79.0"
  },
  "remote": {
    "https://deno.land/std@0.208.0/async/delay.ts": "a6142eb44cdd856b645086af2b811b1fcce08ec06bb7d50969e6a872ee9b8659",
    "https://deno.land/std@0.208.0/http/server.ts": "f3cde6672e631d3e00785743cfa96bfed275618c0352c5ae84abbe5a2e0e4afc",
    "https://esm.sh/@supabase/auth-js@2.79.0/denonext/auth-js.mjs": "11da42b1cf159923104a5a458d1d4d1b59d1465a63a1c206a141de7e199de7b3",
    "https://esm.sh/@supabase/functions-js@2.79.0/denonext/functions-js.mjs": "0bef1756ba5ca788eb0cb32f68d323cf4995f0eec250d3ae32d1930bfce78a18",
    "https://esm.sh/@supabase/postgrest-js@2.79.0/denonext/postgrest-js.mjs": "6e96623f298c7e6a71fb64eef65892a30d0e44e7ba11859940d44a7dce9b2d35",
    "https://esm.sh/@supabase/realtime-js@2.79.0/denonext/realtime-js.mjs": "24958c20f73db0ff0d038aa888c0adee85d9d5a395b0a54dce0c90988d54e79c",
    "https://esm.sh/@supabase/storage-js@2.79.0/denonext/storage-js.mjs": "d2d700d9e5eec2433554841d8fcdd19dedfbd875749c3962d106cc2f3153c8d1",
    "https://esm.sh/@supabase/supabase-js@2.79.0": "600f0398b7f8d61680c37933234c5edd5a1440f955a585c7ebacc72a3f0a3098",
    "https://esm.sh/@supabase/supabase-js@2.79.0/denonext/supabase-js.mjs": "d8647bdd849cff88ce4f4f6f4427af90670b3d28bcc2868aeb54576cbe3e5919",
    "https://esm.sh/tslib@2.8.1/denonext/tslib.mjs": "ebce3cd5facb654623020337f867b426ba95f71596ba87acc9e6c6f4e55905ca"
  },
  "workspace": {
    "dependencies": [
      "npm:@supabase/supabase-js@2"
    ]
  }
}
